# This file was autogenerated by Stack.
# You should not edit this file by hand.
# For more information, please see the documentation at:
#   https://docs.haskellstack.org/en/stable/lock_files

packages:
- completed:
    hackage: direct-daemonize-3.1@sha256:f33505932b8613267cd8ad2d51470af2c5708d750ddf55a5dd38292f04962dcc,1630
    pantry-tree:
      sha256: 5cbf9c1ac065471cb9caa29136b06bcddee17800bbc3e8ed6020b4af19a81f3e
      size: 220
  original:
    hackage: direct-daemonize-3.1
- completed:
    hackage: timing-convenience-0.1@sha256:7ff807a9a9e5596f2b18d45c5a01aefb91d4a98f6a1008d183b5c550f68f7cb7,2092
    pantry-tree:
      sha256: fbcb00f5b8a4f7b8fd94b034b7f507ffdd7579848de782ce60ad2b661dcb2b42
      size: 469
  original:
    hackage: timing-convenience-0.1
snapshots:
- completed:
    sha256: dad15e2ec0c09280a5c2e07190fb18710fc54472f029f34f861f686540824d81
    size: 649592
    url: https://raw.githubusercontent.com/commercialhaskell/stackage-snapshots/master/lts/20/16.yaml
  original: lts-20.16
